
Microsoft Visual Studio Solution File, Format Version 12.00
# Visual Studio 14
VisualStudioVersion = 14.0.23107.0
MinimumVisualStudioVersion = 10.0.40219.1
Project("{F184B08F-C81C-45F6-A57F-5ABD9991F28F}") = "xdplayer", "xdplayer\xdplayer.vbproj", "{B5DA2565-D578-4C92-BEBB-F8708B67E326}"
EndProject
Project("{F184B08F-C81C-45F6-A57F-5ABD9991F28F}") = "xdpcon", "xdpcon\xdpcon.vbproj", "{564AC6E0-D81B-439D-9579-B152935C96D3}"
EndProject
Project("{F184B08F-C81C-45F6-A57F-5ABD9991F28F}") = "xdzplaydl", "xdzplaydl\xdzplaydl.vbproj", "{3D557A1A-92F1-4CED-9E2C-240B49F6BC58}"
EndProject
Project("{F184B08F-C81C-45F6-A57F-5ABD9991F28F}") = "xdpgui", "xdpgui\xdpgui.vbproj", "{21F3154F-F77F-4EB2-868F-F252FD266008}"
EndProject
Project("{F184B08F-C81C-45F6-A57F-5ABD9991F28F}") = "xdui", "xdui\xdui.vbproj", "{8F5D154D-6CCF-4215-8BFF-310A59D29C64}"
EndProject
Project("{2150E333-8FDC-42A3-9474-1A3956D46DE8}") = "xdp", "xdp", "{0B2B679C-4119-4672-99F1-1B489A2C413E}"
EndProject
Project("{2150E333-8FDC-42A3-9474-1A3956D46DE8}") = "ui", "ui", "{59F978AC-32A0-4BBB-9C88-DCBA3F79D2CD}"
EndProject
Project("{2150E333-8FDC-42A3-9474-1A3956D46DE8}") = "xdlib", "xdlib", "{D44DCDA0-C848-444F-A4CB-1D4E3A8AEC40}"
EndProject
Project("{F184B08F-C81C-45F6-A57F-5ABD9991F28F}") = "xdlib", "xdlib\xdlib.vbproj", "{BB89DEFC-209E-4DB0-B492-E285FB4B06AB}"
EndProject
Project("{F184B08F-C81C-45F6-A57F-5ABD9991F28F}") = "TextXDLib", "TextXDLib\TextXDLib.vbproj", "{BBA42F96-7D23-4F62-B9DA-0185D0823F5B}"
EndProject
Project("{F184B08F-C81C-45F6-A57F-5ABD9991F28F}") = "libxdvidcdc", "libxdvidcdc\libxdvidcdc.vbproj", "{64032912-DC72-4DC3-9209-E0E037C38CF1}"
EndProject
Global
	GlobalSection(SolutionConfigurationPlatforms) = preSolution
		Debug|Any CPU = Debug|Any CPU
		Debug|Mixed Platforms = Debug|Mixed Platforms
		Debug|x64 = Debug|x64
		Debug|x86 = Debug|x86
		Release|Any CPU = Release|Any CPU
		Release|Mixed Platforms = Release|Mixed Platforms
		Release|x64 = Release|x64
		Release|x86 = Release|x86
	EndGlobalSection
	GlobalSection(ProjectConfigurationPlatforms) = postSolution
		{B5DA2565-D578-4C92-BEBB-F8708B67E326}.Debug|Any CPU.ActiveCfg = Debug|Any CPU
		{B5DA2565-D578-4C92-BEBB-F8708B67E326}.Debug|Any CPU.Build.0 = Debug|Any CPU
		{B5DA2565-D578-4C92-BEBB-F8708B67E326}.Debug|Mixed Platforms.ActiveCfg = Debug|x86
		{B5DA2565-D578-4C92-BEBB-F8708B67E326}.Debug|Mixed Platforms.Build.0 = Debug|x86
		{B5DA2565-D578-4C92-BEBB-F8708B67E326}.Debug|x64.ActiveCfg = Release|x64
		{B5DA2565-D578-4C92-BEBB-F8708B67E326}.Debug|x64.Build.0 = Release|x64
		{B5DA2565-D578-4C92-BEBB-F8708B67E326}.Debug|x86.ActiveCfg = Debug|x86
		{B5DA2565-D578-4C92-BEBB-F8708B67E326}.Debug|x86.Build.0 = Debug|x86
		{B5DA2565-D578-4C92-BEBB-F8708B67E326}.Release|Any CPU.ActiveCfg = Release|Any CPU
		{B5DA2565-D578-4C92-BEBB-F8708B67E326}.Release|Any CPU.Build.0 = Release|Any CPU
		{B5DA2565-D578-4C92-BEBB-F8708B67E326}.Release|Mixed Platforms.ActiveCfg = Release|x86
		{B5DA2565-D578-4C92-BEBB-F8708B67E326}.Release|Mixed Platforms.Build.0 = Release|x86
		{B5DA2565-D578-4C92-BEBB-F8708B67E326}.Release|x64.ActiveCfg = Release|x64
		{B5DA2565-D578-4C92-BEBB-F8708B67E326}.Release|x64.Build.0 = Release|x64
		{B5DA2565-D578-4C92-BEBB-F8708B67E326}.Release|x86.ActiveCfg = Release|x86
		{B5DA2565-D578-4C92-BEBB-F8708B67E326}.Release|x86.Build.0 = Release|x86
		{564AC6E0-D81B-439D-9579-B152935C96D3}.Debug|Any CPU.ActiveCfg = Debug|Any CPU
		{564AC6E0-D81B-439D-9579-B152935C96D3}.Debug|Any CPU.Build.0 = Debug|Any CPU
		{564AC6E0-D81B-439D-9579-B152935C96D3}.Debug|Mixed Platforms.ActiveCfg = Debug|Any CPU
		{564AC6E0-D81B-439D-9579-B152935C96D3}.Debug|Mixed Platforms.Build.0 = Debug|Any CPU
		{564AC6E0-D81B-439D-9579-B152935C96D3}.Debug|x64.ActiveCfg = Debug|Any CPU
		{564AC6E0-D81B-439D-9579-B152935C96D3}.Debug|x86.ActiveCfg = Debug|x86
		{564AC6E0-D81B-439D-9579-B152935C96D3}.Debug|x86.Build.0 = Debug|x86
		{564AC6E0-D81B-439D-9579-B152935C96D3}.Release|Any CPU.ActiveCfg = Release|Any CPU
		{564AC6E0-D81B-439D-9579-B152935C96D3}.Release|Any CPU.Build.0 = Release|Any CPU
		{564AC6E0-D81B-439D-9579-B152935C96D3}.Release|Mixed Platforms.ActiveCfg = Release|Any CPU
		{564AC6E0-D81B-439D-9579-B152935C96D3}.Release|Mixed Platforms.Build.0 = Release|Any CPU
		{564AC6E0-D81B-439D-9579-B152935C96D3}.Release|x64.ActiveCfg = Release|Any CPU
		{564AC6E0-D81B-439D-9579-B152935C96D3}.Release|x86.ActiveCfg = Release|x86
		{564AC6E0-D81B-439D-9579-B152935C96D3}.Release|x86.Build.0 = Release|x86
		{3D557A1A-92F1-4CED-9E2C-240B49F6BC58}.Debug|Any CPU.ActiveCfg = Debug|Any CPU
		{3D557A1A-92F1-4CED-9E2C-240B49F6BC58}.Debug|Any CPU.Build.0 = Debug|Any CPU
		{3D557A1A-92F1-4CED-9E2C-240B49F6BC58}.Debug|Mixed Platforms.ActiveCfg = Debug|Any CPU
		{3D557A1A-92F1-4CED-9E2C-240B49F6BC58}.Debug|Mixed Platforms.Build.0 = Debug|Any CPU
		{3D557A1A-92F1-4CED-9E2C-240B49F6BC58}.Debug|x64.ActiveCfg = Debug|Any CPU
		{3D557A1A-92F1-4CED-9E2C-240B49F6BC58}.Debug|x86.ActiveCfg = Debug|x86
		{3D557A1A-92F1-4CED-9E2C-240B49F6BC58}.Debug|x86.Build.0 = Debug|x86
		{3D557A1A-92F1-4CED-9E2C-240B49F6BC58}.Release|Any CPU.ActiveCfg = Release|Any CPU
		{3D557A1A-92F1-4CED-9E2C-240B49F6BC58}.Release|Any CPU.Build.0 = Release|Any CPU
		{3D557A1A-92F1-4CED-9E2C-240B49F6BC58}.Release|Mixed Platforms.ActiveCfg = Release|Any CPU
		{3D557A1A-92F1-4CED-9E2C-240B49F6BC58}.Release|Mixed Platforms.Build.0 = Release|Any CPU
		{3D557A1A-92F1-4CED-9E2C-240B49F6BC58}.Release|x64.ActiveCfg = Release|Any CPU
		{3D557A1A-92F1-4CED-9E2C-240B49F6BC58}.Release|x86.ActiveCfg = Release|x86
		{3D557A1A-92F1-4CED-9E2C-240B49F6BC58}.Release|x86.Build.0 = Release|x86
		{21F3154F-F77F-4EB2-868F-F252FD266008}.Debug|Any CPU.ActiveCfg = Debug|Any CPU
		{21F3154F-F77F-4EB2-868F-F252FD266008}.Debug|Any CPU.Build.0 = Debug|Any CPU
		{21F3154F-F77F-4EB2-868F-F252FD266008}.Debug|Mixed Platforms.ActiveCfg = Debug|Any CPU
		{21F3154F-F77F-4EB2-868F-F252FD266008}.Debug|Mixed Platforms.Build.0 = Debug|Any CPU
		{21F3154F-F77F-4EB2-868F-F252FD266008}.Debug|x64.ActiveCfg = Debug|Any CPU
		{21F3154F-F77F-4EB2-868F-F252FD266008}.Debug|x86.ActiveCfg = Debug|x86
		{21F3154F-F77F-4EB2-868F-F252FD266008}.Debug|x86.Build.0 = Debug|x86
		{21F3154F-F77F-4EB2-868F-F252FD266008}.Release|Any CPU.ActiveCfg = Release|Any CPU
		{21F3154F-F77F-4EB2-868F-F252FD266008}.Release|Any CPU.Build.0 = Release|Any CPU
		{21F3154F-F77F-4EB2-868F-F252FD266008}.Release|Mixed Platforms.ActiveCfg = Release|Any CPU
		{21F3154F-F77F-4EB2-868F-F252FD266008}.Release|Mixed Platforms.Build.0 = Release|Any CPU
		{21F3154F-F77F-4EB2-868F-F252FD266008}.Release|x64.ActiveCfg = Release|Any CPU
		{21F3154F-F77F-4EB2-868F-F252FD266008}.Release|x86.ActiveCfg = Release|x86
		{21F3154F-F77F-4EB2-868F-F252FD266008}.Release|x86.Build.0 = Release|x86
		{8F5D154D-6CCF-4215-8BFF-310A59D29C64}.Debug|Any CPU.ActiveCfg = Debug|Any CPU
		{8F5D154D-6CCF-4215-8BFF-310A59D29C64}.Debug|Any CPU.Build.0 = Debug|Any CPU
		{8F5D154D-6CCF-4215-8BFF-310A59D29C64}.Debug|Mixed Platforms.ActiveCfg = Debug|Any CPU
		{8F5D154D-6CCF-4215-8BFF-310A59D29C64}.Debug|Mixed Platforms.Build.0 = Debug|Any CPU
		{8F5D154D-6CCF-4215-8BFF-310A59D29C64}.Debug|x64.ActiveCfg = Debug|Any CPU
		{8F5D154D-6CCF-4215-8BFF-310A59D29C64}.Debug|x86.ActiveCfg = Debug|x86
		{8F5D154D-6CCF-4215-8BFF-310A59D29C64}.Debug|x86.Build.0 = Debug|x86
		{8F5D154D-6CCF-4215-8BFF-310A59D29C64}.Release|Any CPU.ActiveCfg = Release|Any CPU
		{8F5D154D-6CCF-4215-8BFF-310A59D29C64}.Release|Any CPU.Build.0 = Release|Any CPU
		{8F5D154D-6CCF-4215-8BFF-310A59D29C64}.Release|Mixed Platforms.ActiveCfg = Release|Any CPU
		{8F5D154D-6CCF-4215-8BFF-310A59D29C64}.Release|Mixed Platforms.Build.0 = Release|Any CPU
		{8F5D154D-6CCF-4215-8BFF-310A59D29C64}.Release|x64.ActiveCfg = Release|Any CPU
		{8F5D154D-6CCF-4215-8BFF-310A59D29C64}.Release|x86.ActiveCfg = Release|x86
		{8F5D154D-6CCF-4215-8BFF-310A59D29C64}.Release|x86.Build.0 = Release|x86
		{BB89DEFC-209E-4DB0-B492-E285FB4B06AB}.Debug|Any CPU.ActiveCfg = Debug|Any CPU
		{BB89DEFC-209E-4DB0-B492-E285FB4B06AB}.Debug|Any CPU.Build.0 = Debug|Any CPU
		{BB89DEFC-209E-4DB0-B492-E285FB4B06AB}.Debug|Mixed Platforms.ActiveCfg = Debug|Any CPU
		{BB89DEFC-209E-4DB0-B492-E285FB4B06AB}.Debug|Mixed Platforms.Build.0 = Debug|Any CPU
		{BB89DEFC-209E-4DB0-B492-E285FB4B06AB}.Debug|x64.ActiveCfg = Debug|Any CPU
		{BB89DEFC-209E-4DB0-B492-E285FB4B06AB}.Debug|x86.ActiveCfg = Debug|x86
		{BB89DEFC-209E-4DB0-B492-E285FB4B06AB}.Debug|x86.Build.0 = Debug|x86
		{BB89DEFC-209E-4DB0-B492-E285FB4B06AB}.Release|Any CPU.ActiveCfg = Release|Any CPU
		{BB89DEFC-209E-4DB0-B492-E285FB4B06AB}.Release|Any CPU.Build.0 = Release|Any CPU
		{BB89DEFC-209E-4DB0-B492-E285FB4B06AB}.Release|Mixed Platforms.ActiveCfg = Release|Any CPU
		{BB89DEFC-209E-4DB0-B492-E285FB4B06AB}.Release|Mixed Platforms.Build.0 = Release|Any CPU
		{BB89DEFC-209E-4DB0-B492-E285FB4B06AB}.Release|x64.ActiveCfg = Release|Any CPU
		{BB89DEFC-209E-4DB0-B492-E285FB4B06AB}.Release|x86.ActiveCfg = Release|x86
		{BB89DEFC-209E-4DB0-B492-E285FB4B06AB}.Release|x86.Build.0 = Release|x86
		{BBA42F96-7D23-4F62-B9DA-0185D0823F5B}.Debug|Any CPU.ActiveCfg = Debug|Any CPU
		{BBA42F96-7D23-4F62-B9DA-0185D0823F5B}.Debug|Any CPU.Build.0 = Debug|Any CPU
		{BBA42F96-7D23-4F62-B9DA-0185D0823F5B}.Debug|Mixed Platforms.ActiveCfg = Debug|Any CPU
		{BBA42F96-7D23-4F62-B9DA-0185D0823F5B}.Debug|Mixed Platforms.Build.0 = Debug|Any CPU
		{BBA42F96-7D23-4F62-B9DA-0185D0823F5B}.Debug|x64.ActiveCfg = Debug|Any CPU
		{BBA42F96-7D23-4F62-B9DA-0185D0823F5B}.Debug|x64.Build.0 = Debug|Any CPU
		{BBA42F96-7D23-4F62-B9DA-0185D0823F5B}.Debug|x86.ActiveCfg = Debug|x86
		{BBA42F96-7D23-4F62-B9DA-0185D0823F5B}.Debug|x86.Build.0 = Debug|x86
		{BBA42F96-7D23-4F62-B9DA-0185D0823F5B}.Release|Any CPU.ActiveCfg = Release|Any CPU
		{BBA42F96-7D23-4F62-B9DA-0185D0823F5B}.Release|Any CPU.Build.0 = Release|Any CPU
		{BBA42F96-7D23-4F62-B9DA-0185D0823F5B}.Release|Mixed Platforms.ActiveCfg = Release|Any CPU
		{BBA42F96-7D23-4F62-B9DA-0185D0823F5B}.Release|Mixed Platforms.Build.0 = Release|Any CPU
		{BBA42F96-7D23-4F62-B9DA-0185D0823F5B}.Release|x64.ActiveCfg = Release|Any CPU
		{BBA42F96-7D23-4F62-B9DA-0185D0823F5B}.Release|x64.Build.0 = Release|Any CPU
		{BBA42F96-7D23-4F62-B9DA-0185D0823F5B}.Release|x86.ActiveCfg = Release|x86
		{BBA42F96-7D23-4F62-B9DA-0185D0823F5B}.Release|x86.Build.0 = Release|x86
		{64032912-DC72-4DC3-9209-E0E037C38CF1}.Debug|Any CPU.ActiveCfg = Debug|Any CPU
		{64032912-DC72-4DC3-9209-E0E037C38CF1}.Debug|Any CPU.Build.0 = Debug|Any CPU
		{64032912-DC72-4DC3-9209-E0E037C38CF1}.Debug|Mixed Platforms.ActiveCfg = Debug|Any CPU
		{64032912-DC72-4DC3-9209-E0E037C38CF1}.Debug|Mixed Platforms.Build.0 = Debug|Any CPU
		{64032912-DC72-4DC3-9209-E0E037C38CF1}.Debug|x64.ActiveCfg = Debug|Any CPU
		{64032912-DC72-4DC3-9209-E0E037C38CF1}.Debug|x64.Build.0 = Debug|Any CPU
		{64032912-DC72-4DC3-9209-E0E037C38CF1}.Debug|x86.ActiveCfg = Debug|x86
		{64032912-DC72-4DC3-9209-E0E037C38CF1}.Debug|x86.Build.0 = Debug|x86
		{64032912-DC72-4DC3-9209-E0E037C38CF1}.Release|Any CPU.ActiveCfg = Release|Any CPU
		{64032912-DC72-4DC3-9209-E0E037C38CF1}.Release|Any CPU.Build.0 = Release|Any CPU
		{64032912-DC72-4DC3-9209-E0E037C38CF1}.Release|Mixed Platforms.ActiveCfg = Release|Any CPU
		{64032912-DC72-4DC3-9209-E0E037C38CF1}.Release|Mixed Platforms.Build.0 = Release|Any CPU
		{64032912-DC72-4DC3-9209-E0E037C38CF1}.Release|x64.ActiveCfg = Release|Any CPU
		{64032912-DC72-4DC3-9209-E0E037C38CF1}.Release|x64.Build.0 = Release|Any CPU
		{64032912-DC72-4DC3-9209-E0E037C38CF1}.Release|x86.ActiveCfg = Release|x86
		{64032912-DC72-4DC3-9209-E0E037C38CF1}.Release|x86.Build.0 = Release|x86
	EndGlobalSection
	GlobalSection(SolutionProperties) = preSolution
		HideSolutionNode = FALSE
	EndGlobalSection
	GlobalSection(NestedProjects) = preSolution
		{B5DA2565-D578-4C92-BEBB-F8708B67E326} = {0B2B679C-4119-4672-99F1-1B489A2C413E}
		{564AC6E0-D81B-439D-9579-B152935C96D3} = {0B2B679C-4119-4672-99F1-1B489A2C413E}
		{3D557A1A-92F1-4CED-9E2C-240B49F6BC58} = {0B2B679C-4119-4672-99F1-1B489A2C413E}
		{21F3154F-F77F-4EB2-868F-F252FD266008} = {0B2B679C-4119-4672-99F1-1B489A2C413E}
		{8F5D154D-6CCF-4215-8BFF-310A59D29C64} = {59F978AC-32A0-4BBB-9C88-DCBA3F79D2CD}
		{BB89DEFC-209E-4DB0-B492-E285FB4B06AB} = {D44DCDA0-C848-444F-A4CB-1D4E3A8AEC40}
		{BBA42F96-7D23-4F62-B9DA-0185D0823F5B} = {D44DCDA0-C848-444F-A4CB-1D4E3A8AEC40}
		{64032912-DC72-4DC3-9209-E0E037C38CF1} = {D44DCDA0-C848-444F-A4CB-1D4E3A8AEC40}
	EndGlobalSection
EndGlobal
